
Microsoft Visual Studio Solution File, Format Version 12.00
# Visual Studio 15
VisualStudioVersion = 15.0.28307.1022
MinimumVisualStudioVersion = 10.0.40219.1
Project("{8BC9CEB8-8B4A-11D0-8D11-00A0C91BC942}") = "OpenLara", "OpenLara.vcxproj", "{990C6F40-6226-4011-B52C-FF042EBB7F15}"
EndProject
Global
	GlobalSection(SolutionConfigurationPlatforms) = preSolution
		Debug|x64 = Debug|x64
		Debug|x86 = Debug|x86
		Release|x64 = Release|x64
		Release|x86 = Release|x86
	EndGlobalSection
	GlobalSection(ProjectConfigurationPlatforms) = postSolution
		{990C6F40-6226-4011-B52C-FF042EBB7F15}.Debug|x64.ActiveCfg = Debug|x64
		{990C6F40-6226-4011-B52C-FF042EBB7F15}.Debug|x64.Build.0 = Debug|x64
		{990C6F40-6226-4011-B52C-FF042EBB7F15}.Debug|x86.ActiveCfg = Debug|Win32
		{990C6F40-6226-4011-B52C-FF042EBB7F15}.Debug|x86.Build.0 = Debug|Win32
		{990C6F40-6226-4011-B52C-FF042EBB7F15}.Release|x64.ActiveCfg = Release|x64
		{990C6F40-6226-4011-B52C-FF042EBB7F15}.Release|x64.Build.0 = Release|x64
		{990C6F40-6226-4011-B52C-FF042EBB7F15}.Release|x86.ActiveCfg = Release|Win32
		{990C6F40-6226-4011-B52C-FF042EBB7F15}.Release|x86.Build.0 = Release|Win32
	EndGlobalSection
	GlobalSection(SolutionProperties) = preSolution
		HideSolutionNode = FALSE
	EndGlobalSection
	GlobalSection(ExtensibilityGlobals) = postSolution
		SolutionGuid = {8D133CA9-7AA0-4806-9B61-82E8A3044A15}
	EndGlobalSection
EndGlobal
