<?xml version="1.0" encoding="utf-8"?>
<Project ToolsVersion="4.0" xmlns="http://schemas.microsoft.com/developer/msbuild/2003">
  <ItemGroup>
    <ClCompile Include="main.cpp" />
    <ClCompile Include="libimagequant\libimagequant.c" />
    <ClCompile Include="libimagequant\pam.c" />
    <ClCompile Include="libimagequant\blur.c" />
    <ClCompile Include="libimagequant\kmeans.c" />
    <ClCompile Include="libimagequant\mediancut.c" />
    <ClCompile Include="libimagequant\mempool.c" />
    <ClCompile Include="libimagequant\nearest.c" />
  </ItemGroup>
  <ItemGroup>
    <ClInclude Include="TR1_PC.h" />
    <ClInclude Include="TR1_PSX.h" />
    <ClInclude Include="common.h" />
    <ClInclude Include="out_3DO.h" />
    <ClInclude Include="out_GBA.h" />
    <ClInclude Include="IMA.h" />
    <ClInclude Include="out_32X.h" />
  </ItemGroup>
</Project>